
Microsoft Visual Studio Solution File, Format Version 11.00
# Visual Studio 2010
Project("{FAE04EC0-301F-11D3-BF4B-00C04F79EFBC}") = "win_twitter", "win_twitter\win_twitter.csproj", "{9EED6570-38F4-43EF-BAD8-754F7B7AD3D5}"
EndProject
Global
	GlobalSection(SolutionConfigurationPlatforms) = preSolution
		Debug|Any CPU = Debug|Any CPU
		Release|Any CPU = Release|Any CPU
	EndGlobalSection
	GlobalSection(ProjectConfigurationPlatforms) = postSolution
		{9EED6570-38F4-43EF-BAD8-754F7B7AD3D5}.Debug|Any CPU.ActiveCfg = Debug|Any CPU
		{9EED6570-38F4-43EF-BAD8-754F7B7AD3D5}.Debug|Any CPU.Build.0 = Debug|Any CPU
		{9EED6570-38F4-43EF-BAD8-754F7B7AD3D5}.Release|Any CPU.ActiveCfg = Release|Any CPU
		{9EED6570-38F4-43EF-BAD8-754F7B7AD3D5}.Release|Any CPU.Build.0 = Release|Any CPU
	EndGlobalSection
	GlobalSection(SolutionProperties) = preSolution
		HideSolutionNode = FALSE
	EndGlobalSection
EndGlobal
